// !$*UTF8*$!
{
	archiveVersion = 1;
	classes = {
	};
	objectVersion = 46;
	objects = {

/* Begin PBXBuildFile section */
		8407FADD1ED646FA00FE5445 /* AppDelegate.swift in Sources */ = {isa = PBXBuildFile; fileRef = 8407FADC1ED646FA00FE5445 /* AppDelegate.swift */; };
		8407FADF1ED646FA00FE5445 /* RecordSoundsViewController.swift in Sources */ = {isa = PBXBuildFile; fileRef = 8407FADE1ED646FA00FE5445 /* RecordSoundsViewController.swift */; };
		8407FAE21ED646FA00FE5445 /* Main.storyboard in Resources */ = {isa = PBXBuildFile; fileRef = 8407FAE01ED646FA00FE5445 /* Main.storyboard */; };
		8407FAE41ED646FA00FE5445 /* Assets.xcassets in Resources */ = {isa = PBXBuildFile; fileRef = 8407FAE31ED646FA00FE5445 /* Assets.xcassets */; };
		8407FAE71ED646FA00FE5445 /* LaunchScreen.storyboard in Resources */ = {isa = PBXBuildFile; fileRef = 8407FAE51ED646FA00FE5445 /* LaunchScreen.storyboard */; };
		8407FB0D1EE8EE1900FE5445 /* PlaySoundsViewController.swift in Sources */ = {isa = PBXBuildFile; fileRef = 8407FB0C1EE8EE1900FE5445 /* PlaySoundsViewController.swift */; };
		841DBB6E1EF0C22500D2048D /* playsoundsviewcontroller-audio.swift in Sources */ = {isa = PBXBuildFile; fileRef = 841DBB6D1EF0C22500D2048D /* playsoundsviewcontroller-audio.swift */; };
/* End PBXBuildFile section */

/* Begin PBXFileReference section */
		8407FAD91ED646FA00FE5445 /* PitchPerfect.app */ = {isa = PBXFileReference; explicitFileType = wrapper.application; includeInIndex = 0; path = PitchPerfect.app; sourceTree = BUILT_PRODUCTS_DIR; };
		8407FADC1ED646FA00FE5445 /* AppDelegate.swift */ = {isa = PBXFileReference; lastKnownFileType = sourcecode.swift; path = AppDelegate.swift; sourceTree = "<group>"; };
		8407FADE1ED646FA00FE5445 /* RecordSoundsViewController.swift */ = {isa = PBXFileReference; lastKnownFileType = sourcecode.swift; path = RecordSoundsViewController.swift; sourceTree = "<group>"; };
		8407FAE11ED646FA00FE5445 /* Base */ = {isa = PBXFileReference; lastKnownFileType = file.storyboard; name = Base; path = Base.lproj/Main.storyboard; sourceTree = "<group>"; };
		8407FAE31ED646FA00FE5445 /* Assets.xcassets */ = {isa = PBXFileReference; lastKnownFileType = folder.assetcatalog; path = Assets.xcassets; sourceTree = "<group>"; };
		8407FAE61ED646FA00FE5445 /* Base */ = {isa = PBXFileReference; lastKnownFileType = file.storyboard; name = Base; path = Base.lproj/LaunchScreen.storyboard; sourceTree = "<group>"; };
		8407FAE81ED646FA00FE5445 /* Info.plist */ = {isa = PBXFileReference; lastKnownFileType = text.plist.xml; path = Info.plist; sourceTree = "<group>"; };
		8407FB0C1EE8EE1900FE5445 /* PlaySoundsViewController.swift */ = {isa = PBXFileReference; fileEncoding = 4; lastKnownFileType = sourcecode.swift; path = PlaySoundsViewController.swift; sourceTree = "<group>"; };
		841DBB6D1EF0C22500D2048D /* playsoundsviewcontroller-audio.swift */ = {isa = PBXFileReference; fileEncoding = 4; lastKnownFileType = sourcecode.swift; path = "playsoundsviewcontroller-audio.swift"; sourceTree = "<group>"; };
		841DBB701EF1C26100D2048D /* en */ = {isa = PBXFileReference; lastKnownFileType = text.plist.strings; name = en; path = en.lproj/Main.strings; sourceTree = "<group>"; };
/* End PBXFileReference section */

/* Begin PBXFrameworksBuildPhase section */
		8407FAD61ED646FA00FE5445 /* Frameworks */ = {
			isa = PBXFrameworksBuildPhase;
			buildActionMask = 2147483647;
			files = (
			);
			runOnlyForDeploymentPostprocessing = 0;
		};
/* End PBXFrameworksBuildPhase section */

/* Begin PBXGroup section */
		8407FAD01ED646F900FE5445 = {
			isa = PBXGroup;
			children = (
				8407FADB1ED646FA00FE5445 /* PitchPerfect */,
				8407FADA1ED646FA00FE5445 /* Products */,
			);
			sourceTree = "<group>";
		};
		8407FADA1ED646FA00FE5445 /* Products */ = {
			isa = PBXGroup;
			children = (
				8407FAD91ED646FA00FE5445 /* PitchPerfect.app */,
			);
			name = Products;
			sourceTree = "<group>";
		};
		8407FADB1ED646FA00FE5445 /* PitchPerfect */ = {
			isa = PBXGroup;
			children = (
				8407FADC1ED646FA00FE5445 /* AppDelegate.swift */,
				8407FADE1ED646FA00FE5445 /* RecordSoundsViewController.swift */,
				8407FAE01ED646FA00FE5445 /* Main.storyboard */,
				8407FAE31ED646FA00FE5445 /* Assets.xcassets */,
				8407FAE51ED646FA00FE5445 /* LaunchScreen.storyboard */,
				8407FAE81ED646FA00FE5445 /* Info.plist */,
				8407FB0C1EE8EE1900FE5445 /* PlaySoundsViewController.swift */,
				841DBB6D1EF0C22500D2048D /* playsoundsviewcontroller-audio.swift */,
			);
			path = PitchPerfect;
			sourceTree = "<group>";
		};
/* End PBXGroup section */

/* Begin PBXNativeTarget section */
		8407FAD81ED646FA00FE5445 /* PitchPerfect */ = {
			isa = PBXNativeTarget;
			buildConfigurationList = 8407FAEB1ED646FA00FE5445 /* Build configuration list for PBXNativeTarget "PitchPerfect" */;
			buildPhases = (
				8407FAD51ED646FA00FE5445 /* Sources */,
				8407FAD61ED646FA00FE5445 /* Frameworks */,
				8407FAD71ED646FA00FE5445 /* Resources */,
			);
			buildRules = (
			);
			dependencies = (
			);
			name = PitchPerfect;
			productName = PitchPerfect;
			productReference = 8407FAD91ED646FA00FE5445 /* PitchPerfect.app */;
			productType = "com.apple.product-type.application";
		};
/* End PBXNativeTarget section */

/* Begin PBXProject section */
		8407FAD11ED646F900FE5445 /* Project object */ = {
			isa = PBXProject;
			attributes = {
				LastSwiftUpdateCheck = 0830;
				LastUpgradeCheck = 0830;
				ORGANIZATIONNAME = Udacity;
				TargetAttributes = {
					8407FAD81ED646FA00FE5445 = {
						CreatedOnToolsVersion = 8.3.2;
						DevelopmentTeam = YPMPDYQ53U;
						LastSwiftMigration = 0900;
						ProvisioningStyle = Automatic;
					};
				};
			};
			buildConfigurationList = 8407FAD41ED646F900FE5445 /* Build configuration list for PBXProject "PitchPerfect" */;
			compatibilityVersion = "Xcode 3.2";
			developmentRegion = English;
			hasScannedForEncodings = 0;
			knownRegions = (
				en,
				Base,
			);
			mainGroup = 8407FAD01ED646F900FE5445;
			productRefGroup = 8407FADA1ED646FA00FE5445 /* Products */;
			projectDirPath = "";
			projectRoot = "";
			targets = (
				8407FAD81ED646FA00FE5445 /* PitchPerfect */,
			);
		};
/* End PBXProject section */

/* Begin PBXResourcesBuildPhase section */
		8407FAD71ED646FA00FE5445 /* Resources */ = {
			isa = PBXResourcesBuildPhase;
			buildActionMask = 2147483647;
			files = (
				8407FAE71ED646FA00FE5445 /* LaunchScreen.storyboard in Resources */,
				8407FAE41ED646FA00FE5445 /* Assets.xcassets in Resources */,
				8407FAE21ED646FA00FE5445 /* Main.storyboard in Resources */,
			);
			runOnlyForDeploymentPostprocessing = 0;
		};
/* End PBXResourcesBuildPhase section */

/* Begin PBXSourcesBuildPhase section */
		8407FAD51ED646FA00FE5445 /* Sources */ = {
			isa = PBXSourcesBuildPhase;
			buildActionMask = 2147483647;
			files = (
				8407FADF1ED646FA00FE5445 /* RecordSoundsViewController.swift in Sources */,
				8407FB0D1EE8EE1900FE5445 /* PlaySoundsViewController.swift in Sources */,
				8407FADD1ED646FA00FE5445 /* AppDelegate.swift in Sources */,
				841DBB6E1EF0C22500D2048D /* playsoundsviewcontroller-audio.swift in Sources */,
			);
			runOnlyForDeploymentPostprocessing = 0;
		};
/* End PBXSourcesBuildPhase section */

/* Begin PBXVariantGroup section */
		8407FAE01ED646FA00FE5445 /* Main.storyboard */ = {
			isa = PBXVariantGroup;
			children = (
				8407FAE11ED646FA00FE5445 /* Base */,
				841DBB701EF1C26100D2048D /* en */,
			);
			name = Main.storyboard;
			sourceTree = "<group>";
		};
		8407FAE51ED646FA00FE5445 /* LaunchScreen.storyboard */ = {
			isa = PBXVariantGroup;
			children = (
				8407FAE61ED646FA00FE5445 /* Base */,
			);
			name = LaunchScreen.storyboard;
			sourceTree = "<group>";
		};
/* End PBXVariantGroup section */

/* Begin XCBuildConfiguration section */
		8407FAE91ED646FA00FE5445 /* Debug */ = {
			isa = XCBuildConfiguration;
			buildSettings = {
				ALWAYS_SEARCH_USER_PATHS = NO;
				CLANG_ANALYZER_NONNULL = YES;
				CLANG_ANALYZER_NUMBER_OBJECT_CONVERSION = YES_AGGRESSIVE;
				CLANG_CXX_LANGUAGE_STANDARD = "gnu++0x";
				CLANG_CXX_LIBRARY = "libc++";
				CLANG_ENABLE_MODULES = YES;
				CLANG_ENABLE_OBJC_ARC = YES;
				CLANG_WARN_BOOL_CONVERSION = YES;
				CLANG_WARN_CONSTANT_CONVERSION = YES;
				CLANG_WARN_DIRECT_OBJC_ISA_USAGE = YES_ERROR;
				CLANG_WARN_DOCUMENTATION_COMMENTS = YES;
				CLANG_WARN_EMPTY_BODY = YES;
				CLANG_WARN_ENUM_CONVERSION = YES;
				CLANG_WARN_INFINITE_RECURSION = YES;
				CLANG_WARN_INT_CONVERSION = YES;
				CLANG_WARN_OBJC_ROOT_CLASS = YES_ERROR;
				CLANG_WARN_SUSPICIOUS_MOVE = YES;
				CLANG_WARN_UNREACHABLE_CODE = YES;
				CLANG_WARN__DUPLICATE_METHOD_MATCH = YES;
				"CODE_SIGN_IDENTITY[sdk=iphoneos*]" = "iPhone Developer";
				COPY_PHASE_STRIP = NO;
				DEBUG_INFORMATION_FORMAT = dwarf;
				ENABLE_STRICT_OBJC_MSGSEND = YES;
				ENABLE_TESTABILITY = YES;
				GCC_C_LANGUAGE_STANDARD = gnu99;
				GCC_DYNAMIC_NO_PIC = NO;
				GCC_NO_COMMON_BLOCKS = YES;
				GCC_OPTIMIZATION_LEVEL = 0;
				GCC_PREPROCESSOR_DEFINITIONS = (
					"DEBUG=1",
					"$(inherited)",
				);
				GCC_WARN_64_TO_32_BIT_CONVERSION = YES;
				GCC_WARN_ABOUT_RETURN_TYPE = YES_ERROR;
				GCC_WARN_UNDECLARED_SELECTOR = YES;
				GCC_WARN_UNINITIALIZED_AUTOS = YES_AGGRESSIVE;
				GCC_WARN_UNUSED_FUNCTION = YES;
				GCC_WARN_UNUSED_VARIABLE = YES;
				"INFOPLIST_FILE[sdk=iphoneos*]" = "";
				IPHONEOS_DEPLOYMENT_TARGET = 10.3;
				MTL_ENABLE_DEBUG_INFO = YES;
				ONLY_ACTIVE_ARCH = YES;
				SDKROOT = iphoneos;
				SWIFT_ACTIVE_COMPILATION_CONDITIONS = DEBUG;
				SWIFT_OPTIMIZATION_LEVEL = "-Onone";
				TARGETED_DEVICE_FAMILY = "1,2";
			};
			name = Debug;
		};
		8407FAEA1ED646FA00FE5445 /* Release */ = {
			isa = XCBuildConfiguration;
			buildSettings = {
				ALWAYS_SEARCH_USER_PATHS = NO;
				CLANG_ANALYZER_NONNULL = YES;
				CLANG_ANALYZER_NUMBER_OBJECT_CONVERSION = YES_AGGRESSIVE;
				CLANG_CXX_LANGUAGE_STANDARD = "gnu++0x";
				CLANG_CXX_LIBRARY = "libc++";
				CLANG_ENABLE_MODULES = YES;
				CLANG_ENABLE_OBJC_ARC = YES;
				CLANG_WARN_BOOL_CONVERSION = YES;
				CLANG_WARN_CONSTANT_CONVERSION = YES;
				CLANG_WARN_DIRECT_OBJC_ISA_USAGE = YES_ERROR;
				CLANG_WARN_DOCUMENTATION_COMMENTS = YES;
				CLANG_WARN_EMPTY_BODY = YES;
				CLANG_WARN_ENUM_CONVERSION = YES;
				CLANG_WARN_INFINITE_RECURSION = YES;
				CLANG_WARN_INT_CONVERSION = YES;
				CLANG_WARN_OBJC_ROOT_CLASS = YES_ERROR;
				CLANG_WARN_SUSPICIOUS_MOVE = YES;
				CLANG_WARN_UNREACHABLE_CODE = YES;
				CLANG_WARN__DUPLICATE_METHOD_MATCH = YES;
				"CODE_SIGN_IDENTITY[sdk=iphoneos*]" = "iPhone Developer";
				COPY_PHASE_STRIP = NO;
				DEBUG_INFORMATION_FORMAT = "dwarf-with-dsym";
				ENABLE_NS_ASSERTIONS = NO;
				ENABLE_STRICT_OBJC_MSGSEND = YES;
				GCC_C_LANGUAGE_STANDARD = gnu99;
				GCC_NO_COMMON_BLOCKS = YES;
				GCC_WARN_64_TO_32_BIT_CONVERSION = YES;
				GCC_WARN_ABOUT_RETURN_TYPE = YES_ERROR;
				GCC_WARN_UNDECLARED_SELECTOR = YES;
				GCC_WARN_UNINITIALIZED_AUTOS = YES_AGGRESSIVE;
				GCC_WARN_UNUSED_FUNCTION = YES;
				GCC_WARN_UNUSED_VARIABLE = YES;
				"INFOPLIST_FILE[sdk=iphoneos*]" = "";
				IPHONEOS_DEPLOYMENT_TARGET = 10.3;
				MTL_ENABLE_DEBUG_INFO = NO;
				SDKROOT = iphoneos;
				SWIFT_OPTIMIZATION_LEVEL = "-Owholemodule";
				TARGETED_DEVICE_FAMILY = "1,2";
				VALIDATE_PRODUCT = YES;
			};
			name = Release;
		};
		8407FAEC1ED646FA00FE5445 /* Debug */ = {
			isa = XCBuildConfiguration;
			buildSettings = {
				ASSETCATALOG_COMPILER_APPICON_NAME = AppIcon;
				"CODE_SIGN_IDENTITY[sdk=iphoneos*]" = "iPhone Developer";
				DEVELOPMENT_TEAM = YPMPDYQ53U;
				INFOPLIST_FILE = PitchPerfect/Info.plist;
				"INFOPLIST_FILE[sdk=iphonesimulator*]" = PitchPerfect/Info.plist;
				IPHONEOS_DEPLOYMENT_TARGET = 10.3;
				LD_RUNPATH_SEARCH_PATHS = "$(inherited) @executable_path/Frameworks";
				PRODUCT_BUNDLE_IDENTIFIER = .com.udacity.pitchperfect;
				PRODUCT_NAME = "$(TARGET_NAME)";
				PROVISIONING_PROFILE_SPECIFIER = "";
				SWIFT_SWIFT3_OBJC_INFERENCE = On;
				SWIFT_VERSION = 4.0;
				TARGETED_DEVICE_FAMILY = "1,2";
			};
			name = Debug;
		};
		8407FAED1ED646FA00FE5445 /* Release */ = {
			isa = XCBuildConfiguration;
			buildSettings = {
				ASSETCATALOG_COMPILER_APPICON_NAME = AppIcon;
				"CODE_SIGN_IDENTITY[sdk=iphoneos*]" = "iPhone Developer";
				DEVELOPMENT_TEAM = YPMPDYQ53U;
				INFOPLIST_FILE = PitchPerfect/Info.plist;
				"INFOPLIST_FILE[sdk=iphonesimulator*]" = PitchPerfect/Info.plist;
				IPHONEOS_DEPLOYMENT_TARGET = 10.3;
				LD_RUNPATH_SEARCH_PATHS = "$(inherited) @executable_path/Frameworks";
				PRODUCT_BUNDLE_IDENTIFIER = .com.udacity.pitchperfect;
				PRODUCT_NAME = "$(TARGET_NAME)";
				PROVISIONING_PROFILE_SPECIFIER = "";
				SWIFT_SWIFT3_OBJC_INFERENCE = On;
				SWIFT_VERSION = 4.0;
				TARGETED_DEVICE_FAMILY = "1,2";
			};
			name = Release;
		};
/* End XCBuildConfiguration section */

/* Begin XCConfigurationList section */
		8407FAD41ED646F900FE5445 /* Build configuration list for PBXProject "PitchPerfect" */ = {
			isa = XCConfigurationList;
			buildConfigurations = (
				8407FAE91ED646FA00FE5445 /* Debug */,
				8407FAEA1ED646FA00FE5445 /* Release */,
			);
			defaultConfigurationIsVisible = 0;
			defaultConfigurationName = Debug;
		};
		8407FAEB1ED646FA00FE5445 /* Build configuration list for PBXNativeTarget "PitchPerfect" */ = {
			isa = XCConfigurationList;
			buildConfigurations = (
				8407FAEC1ED646FA00FE5445 /* Debug */,
				8407FAED1ED646FA00FE5445 /* Release */,
			);
			defaultConfigurationIsVisible = 0;
			defaultConfigurationName = Debug;
		};
/* End XCConfigurationList section */
	};
	rootObject = 8407FAD11ED646F900FE5445 /* Project object */;
}
